
Microsoft Visual Studio Solution File, Format Version 12.00
# Visual Studio Version 16
VisualStudioVersion = 16.0.30503.244
MinimumVisualStudioVersion = 10.0.40219.1
Project("{FAE04EC0-301F-11D3-BF4B-00C04F79EFBC}") = "EcommerceApp", "EcommerceApp.csproj", "{F795A63F-B603-4F99-8AD0-08C62A91EF96}"
EndProject
Global
	GlobalSection(SolutionConfigurationPlatforms) = preSolution
		Debug|Any CPU = Debug|Any CPU
		Release|Any CPU = Release|Any CPU
	EndGlobalSection
	GlobalSection(ProjectConfigurationPlatforms) = postSolution
		{F795A63F-B603-4F99-8AD0-08C62A91EF96}.Debug|Any CPU.ActiveCfg = Debug|Any CPU
		{F795A63F-B603-4F99-8AD0-08C62A91EF96}.Debug|Any CPU.Build.0 = Debug|Any CPU
		{F795A63F-B603-4F99-8AD0-08C62A91EF96}.Release|Any CPU.ActiveCfg = Release|Any CPU
		{F795A63F-B603-4F99-8AD0-08C62A91EF96}.Release|Any CPU.Build.0 = Release|Any CPU
	EndGlobalSection
	GlobalSection(SolutionProperties) = preSolution
		HideSolutionNode = FALSE
	EndGlobalSection
	GlobalSection(ExtensibilityGlobals) = postSolution
		SolutionGuid = {7E6EC822-66A1-4FF2-A990-A198EBF78520}
	EndGlobalSection
EndGlobal
